# This file is generated by running "yarn install" inside your project.
# Manual changes might be lost - proceed with caution!

__metadata:
  version: 6
  cacheKey: 8

"@socket.io/base64-arraybuffer@npm:~1.0.2":
  version: 1.0.2
  resolution: "@socket.io/base64-arraybuffer@npm:1.0.2"
  checksum: fa3e58c7581643d0557969cd3bece20e198596df77968ff29ede6be329d488e65104bef900e68a67f39d8855abfa59baa2b08d96fb856504bd01cbdd8f52249c
  languageName: node
  linkType: hard

"@socket.io/component-emitter@npm:~3.0.0":
  version: 3.0.0
  resolution: "@socket.io/component-emitter@npm:3.0.0"
  checksum: b5e909dbb16bcf27958d1bfb8319f3255f3a50f62fde78ecf9a584f39f916b928fdc5661519892eea912da082c6413d671c1e67bde70725c75ee62956aa67c26
  languageName: node
  linkType: hard

"backo2@npm:~1.0.2":
  version: 1.0.2
  resolution: "backo2@npm:1.0.2"
  checksum: fda8d0a0f4810068d23715f2f45153146d6ee8f62dd827ce1e0b6cc3c8328e84ad61e11399a83931705cef702fe7cbb457856bf99b9bd10c4ed57b0786252385
  languageName: node
  linkType: hard

"debug@npm:~4.3.1":
  version: 4.3.1
  resolution: "debug@npm:4.3.1"
  dependencies:
    ms: 2.1.2
  peerDependenciesMeta:
    supports-color:
      optional: true
  checksum: 2c3352e37d5c46b0d203317cd45ea0e26b2c99f2d9dfec8b128e6ceba90dfb65425f5331bf3020fe9929d7da8c16758e737f4f3bfc0fce6b8b3d503bae03298b
  languageName: node
  linkType: hard

"debug@npm:~4.3.2":
  version: 4.3.4
  resolution: "debug@npm:4.3.4"
  dependencies:
    ms: 2.1.2
  peerDependenciesMeta:
    supports-color:
      optional: true
  checksum: 3dbad3f94ea64f34431a9cbf0bafb61853eda57bff2880036153438f50fb5a84f27683ba0d8e5426bf41a8c6ff03879488120cf5b3a761e77953169c0600a708
  languageName: node
  linkType: hard

"engine.io-client@npm:~6.1.1":
  version: 6.1.1
  resolution: "engine.io-client@npm:6.1.1"
  dependencies:
    "@socket.io/component-emitter": ~3.0.0
    debug: ~4.3.1
    engine.io-parser: ~5.0.0
    has-cors: 1.1.0
    parseqs: 0.0.6
    parseuri: 0.0.6
    ws: ~8.2.3
    xmlhttprequest-ssl: ~2.0.0
    yeast: 0.1.2
  checksum: c2e1cec87ac8cf45842527bd072d1b2c5f14fbf9e57f110b4120335ed7bf5310a86da0d33b5906dd4774094ee499d534a498db467d3c1cb53c7a1109a593b05d
  languageName: node
  linkType: hard

"engine.io-parser@npm:~5.0.0":
  version: 5.0.3
  resolution: "engine.io-parser@npm:5.0.3"
  dependencies:
    "@socket.io/base64-arraybuffer": ~1.0.2
  checksum: 88d664420a441dd02db17d110f7bbbd9efe971747918150bf666b82ee138df596a2f5038f461c8a01864c83af67cb202548364e4174543f8c0bf5f4776ca6e0d
  languageName: node
  linkType: hard

"gdpi@workspace:.":
  version: 0.0.0-use.local
  resolution: "gdpi@workspace:."
  dependencies:
    socket.io-client: ^4.4.1
  languageName: unknown
  linkType: soft

"has-cors@npm:1.1.0":
  version: 1.1.0
  resolution: "has-cors@npm:1.1.0"
  checksum: 549ce94113fd23895b22d71ade9809918577b8558cd4d701fe79045d8b1d58d87eba870260b28f6a3229be933a691c55653afd496d0fc52e98fd2ff577f01197
  languageName: node
  linkType: hard

"ms@npm:2.1.2":
  version: 2.1.2
  resolution: "ms@npm:2.1.2"
  checksum: 673cdb2c3133eb050c745908d8ce632ed2c02d85640e2edb3ace856a2266a813b30c613569bf3354fdf4ea7d1a1494add3bfa95e2713baa27d0c2c71fc44f58f
  languageName: node
  linkType: hard

"parseqs@npm:0.0.6":
  version: 0.0.6
  resolution: "parseqs@npm:0.0.6"
  checksum: 7fc4ff4ba59764060bb8529875f6d4313056ea6939ff579b22dd7bd6f6033035e1fd2d6a559ab48ef0a7fa29a9d7731c982bfd1594e9115141fe1c328485ce9e
  languageName: node
  linkType: hard

"parseuri@npm:0.0.6":
  version: 0.0.6
  resolution: "parseuri@npm:0.0.6"
  checksum: fa430e40f0c75293a28e5f1023da5f51a5038d5e34c48c517b0d5187143f6bcc67d3091a062b68765db4a22757e488c7d15854f9d1921f2c2b9afa5ca0629a84
  languageName: node
  linkType: hard

"socket.io-client@npm:^4.4.1":
  version: 4.4.1
  resolution: "socket.io-client@npm:4.4.1"
  dependencies:
    "@socket.io/component-emitter": ~3.0.0
    backo2: ~1.0.2
    debug: ~4.3.2
    engine.io-client: ~6.1.1
    parseuri: 0.0.6
    socket.io-parser: ~4.1.1
  checksum: 4c7f77f439b72f851fa162603b45bdabc94154ad6bd7b1d1c1658b45cd25d7f495293c08f71cd3ce96bccc477045d99840c10a92e1da9c13e9a5ff939edde30d
  languageName: node
  linkType: hard

"socket.io-parser@npm:~4.1.1":
  version: 4.1.2
  resolution: "socket.io-parser@npm:4.1.2"
  dependencies:
    "@socket.io/component-emitter": ~3.0.0
    debug: ~4.3.1
  checksum: cd13cdbda929cce610b39fbf7f2c6aa59e55cfc58f13b38c592d7eb45b19d5110bcb81150607a88f8644959f5d0a384467a2083d29c12e224c010a406377649b
  languageName: node
  linkType: hard

"ws@npm:~8.2.3":
  version: 8.2.3
  resolution: "ws@npm:8.2.3"
  peerDependencies:
    bufferutil: ^4.0.1
    utf-8-validate: ^5.0.2
  peerDependenciesMeta:
    bufferutil:
      optional: true
    utf-8-validate:
      optional: true
  checksum: c869296ccb45f218ac6d32f8f614cd85b50a21fd434caf11646008eef92173be53490810c5c23aea31bc527902261fbfd7b062197eea341b26128d4be56a85e4
  languageName: node
  linkType: hard

"xmlhttprequest-ssl@npm:~2.0.0":
  version: 2.0.0
  resolution: "xmlhttprequest-ssl@npm:2.0.0"
  checksum: 1e98df67f004fec15754392a131343ea92e6ab5ac4d77e842378c5c4e4fd5b6a9134b169d96842cc19422d77b1606b8df84a5685562b3b698cb68441636f827e
  languageName: node
  linkType: hard

"yeast@npm:0.1.2":
  version: 0.1.2
  resolution: "yeast@npm:0.1.2"
  checksum: 81a250b69f601fed541e9518eb2972e75631dd81231689503d7f288612d4eec793b29c208d6807fd6bfc4c2a43614d0c6db233739a4ae6223e244aaed6a885c0
  languageName: node
  linkType: hard
